<?xml version="1.0" encoding="UTF-8" standalone="yes" ?>
<CodeBlocks_project_file>
	<FileVersion major="1" minor="6" />
	<Project>
		<Option title="cop2k" />
		<Option pch_mode="2" />
		<Option compiler="gcc" />
		<Build>
			<Target title="CLI Debug">
				<Option output="bin/CLI Debug/cli" prefix_auto="1" extension_auto="1" />
				<Option object_output="obj/CLI Debug/" />
				<Option type="1" />
				<Option compiler="gcc" />
				<Compiler>
					<Add option="-ggdb3" />
				</Compiler>
				<Linker>
					<Add directory="../libcop2k/bin/Debug" />
				</Linker>
			</Target>
			<Target title="CLI Release">
				<Option output="bin/CLI Release/cli" prefix_auto="1" extension_auto="1" />
				<Option object_output="obj/CLI Release/" />
				<Option type="1" />
				<Option compiler="gcc" />
				<Compiler>
					<Add option="-O2" />
				</Compiler>
				<Linker>
					<Add option="-s" />
					<Add directory="../libcop2k/bin/Release" />
				</Linker>
			</Target>
			<Target title="VM Debug">
				<Option output="bin/VM Debug/vm" prefix_auto="1" extension_auto="1" />
				<Option object_output="obj/VM Debug/" />
				<Option type="1" />
				<Option compiler="gcc" />
				<Compiler>
					<Add option="-ggdb3" />
				</Compiler>
				<Linker>
					<Add directory="../libcop2k/bin/Debug" />
				</Linker>
			</Target>
			<Target title="VM Release">
				<Option output="bin/VM Release/cop2k" prefix_auto="1" extension_auto="1" />
				<Option object_output="obj/VM Release/" />
				<Option type="1" />
				<Option compiler="gcc" />
				<Linker>
					<Add directory="../libcop2k/bin/Release" />
				</Linker>
			</Target>
			<Target title="AS Debug">
				<Option output="bin/AS Debug/cop2k" prefix_auto="1" extension_auto="1" />
				<Option working_dir="bin/AS Debug/" />
				<Option object_output="obj/AS Debug/" />
				<Option type="1" />
				<Option compiler="gcc" />
				<Option parameters="/home/xiaoxi/Codeblocks_Projects/cop2k/cop2k/instr.txt /home/xiaoxi/Codeblocks_Projects/cop2k/cop2k/instr.txt" />
				<Compiler>
					<Add option="-ggdb3" />
				</Compiler>
				<Linker>
					<Add directory="../libcop2k/bin/Debug" />
				</Linker>
			</Target>
			<Target title="AS Release">
				<Option output="bin/AS Release/cop2k" prefix_auto="1" extension_auto="1" />
				<Option working_dir="bin/AS Release/" />
				<Option object_output="obj/AS Release/" />
				<Option type="1" />
				<Option compiler="gcc" />
				<Compiler>
					<Add option="-O2" />
				</Compiler>
				<Linker>
					<Add option="-s" />
					<Add directory="../libcop2k/bin/Release" />
				</Linker>
			</Target>
			<Target title="cop2k_ins_decompiler">
				<Option output="bin/cop2k_ins_decompiler/cop2k_ins_decompiler" prefix_auto="1" extension_auto="1" />
				<Option working_dir="bin/cop2k_ins_decompiler/" />
				<Option object_output="obj/cop2k_ins_decompiler/" />
				<Option type="1" />
				<Option compiler="gcc" />
				<Option parameters="/home/xiaoxi/Public/COP2000/INST.INS" />
				<Option projectLinkerOptionsRelation="1" />
				<Compiler>
					<Add option="-ggdb3" />
				</Compiler>
			</Target>
		</Build>
		<Compiler>
			<Add option="-Wall" />
			<Add option="-std=c++20" />
			<Add option="-fexceptions" />
			<Add directory="../libcop2k" />
		</Compiler>
		<Linker>
			<Add library="cop2k" />
		</Linker>
		<Unit filename="as.cpp">
			<Option target="AS Debug" />
			<Option target="AS Release" />
		</Unit>
		<Unit filename="as.hpp">
			<Option target="AS Debug" />
			<Option target="AS Release" />
		</Unit>
		<Unit filename="asm.l">
			<Option target="AS Debug" />
			<Option target="AS Release" />
		</Unit>
		<Unit filename="asm.y">
			<Option target="AS Debug" />
			<Option target="AS Release" />
		</Unit>
		<Unit filename="cli.cpp">
			<Option target="CLI Debug" />
			<Option target="CLI Release" />
		</Unit>
		<Unit filename="cli.hpp">
			<Option target="CLI Debug" />
			<Option target="CLI Release" />
		</Unit>
		<Unit filename="cop2k_ins_decompiler.cpp">
			<Option target="cop2k_ins_decompiler" />
		</Unit>
		<Unit filename="instr.l">
			<Option compile="1" />
			<Option target="AS Debug" />
			<Option target="AS Release" />
		</Unit>
		<Unit filename="instr.y">
			<Option compile="1" />
			<Option target="AS Debug" />
			<Option target="AS Release" />
		</Unit>
		<Unit filename="vm.cpp">
			<Option target="VM Debug" />
			<Option target="VM Release" />
		</Unit>
		<Extensions>
			<lib_finder disable_auto="1" />
		</Extensions>
	</Project>
</CodeBlocks_project_file>
